<?xml version="1.0" encoding="utf-8"?>
<Project ToolsVersion="4.0" xmlns="http://schemas.microsoft.com/developer/msbuild/2003">
  <ItemGroup>
    <Filter Include="Source Files">
      <UniqueIdentifier>{4FC737F1-C7A5-4376-A066-2A32D752A2FF}</UniqueIdentifier>
      <Extensions>cpp;c;cc;cxx;def;odl;idl;hpj;bat;asm;asmx</Extensions>
    </Filter>
    <Filter Include="Header Files">
      <UniqueIdentifier>{93995380-89BD-4b04-88EB-625FBE52EBFB}</UniqueIdentifier>
      <Extensions>h;hh;hpp;hxx;hm;inl;inc;ipp;xsd</Extensions>
    </Filter>
    <Filter Include="Resource Files">
      <UniqueIdentifier>{67DA6AB6-F800-4c08-8B7A-83BB121AAD01}</UniqueIdentifier>
      <Extensions>rc;ico;cur;bmp;dlg;rc2;rct;bin;rgs;gif;jpg;jpeg;jpe;resx;tiff;tif;png;wav;mfcribbon-ms</Extensions>
    </Filter>
    <Filter Include="Shaders">
      <UniqueIdentifier>{b18d28dd-b0eb-4583-b48f-24408765408a}</UniqueIdentifier>
    </Filter>
    <Filter Include="Shaders\SplashScreen">
      <UniqueIdentifier>{322800a3-9bcd-44f5-83ec-2a34d3510949}</UniqueIdentifier>
    </Filter>
    <Filter Include="Shaders\MainMenu">
      <UniqueIdentifier>{f86d5668-8520-4830-881b-89189174c356}</UniqueIdentifier>
    </Filter>
  </ItemGroup>
  <ItemGroup>
    <None Include="Shaders\MainMenu\UI.frag">
      <Filter>Shaders\MainMenu</Filter>
    </None>
    <None Include="Shaders\MainMenu\UI.vert">
      <Filter>Shaders\MainMenu</Filter>
    </None>
    <None Include="Shaders\SplashScreen\frag.frag">
      <Filter>Shaders\SplashScreen</Filter>
    </None>
    <None Include="Shaders\SplashScreen\vert.vert">
      <Filter>Shaders\SplashScreen</Filter>
    </None>
  </ItemGroup>
  <ItemGroup>
    <ClCompile Include="compute.c">
      <Filter>Source Files</Filter>
    </ClCompile>
    <ClCompile Include="error.c">
      <Filter>Source Files</Filter>
    </ClCompile>
    <ClCompile Include="game.c">
      <Filter>Source Files</Filter>
    </ClCompile>
    <ClCompile Include="graphics.c">
      <Filter>Source Files</Filter>
    </ClCompile>
    <ClCompile Include="graphics_utils.c">
      <Filter>Source Files</Filter>
    </ClCompile>
    <ClCompile Include="gui.c">
      <Filter>Source Files</Filter>
    </ClCompile>
    <ClCompile Include="image.c">
      <Filter>Source Files</Filter>
    </ClCompile>
    <ClCompile Include="import_assets.c">
      <Filter>Source Files</Filter>
    </ClCompile>
    <ClCompile Include="list.c">
      <Filter>Source Files</Filter>
    </ClCompile>
    <ClCompile Include="main.c">
      <Filter>Source Files</Filter>
    </ClCompile>
    <ClCompile Include="main_game.c">
      <Filter>Source Files</Filter>
    </ClCompile>
    <ClCompile Include="main_menu.c">
      <Filter>Source Files</Filter>
    </ClCompile>
    <ClCompile Include="physics.c">
      <Filter>Source Files</Filter>
    </ClCompile>
    <ClCompile Include="splash_screen.c">
      <Filter>Source Files</Filter>
    </ClCompile>
    <ClCompile Include="splash_screen_graphics.c">
      <Filter>Source Files</Filter>
    </ClCompile>
    <ClCompile Include="test.c">
      <Filter>Source Files</Filter>
    </ClCompile>
    <ClCompile Include="utils.c">
      <Filter>Source Files</Filter>
    </ClCompile>
    <ClCompile Include="maths.cpp">
      <Filter>Source Files</Filter>
    </ClCompile>
    <ClCompile Include="asset.c">
      <Filter>Source Files</Filter>
    </ClCompile>
    <ClCompile Include="event.c">
      <Filter>Source Files</Filter>
    </ClCompile>
  </ItemGroup>
  <ItemGroup>
    <ClInclude Include="asset.h">
      <Filter>Header Files</Filter>
    </ClInclude>
    <ClInclude Include="camera.h">
      <Filter>Header Files</Filter>
    </ClInclude>
    <ClInclude Include="compute.h">
      <Filter>Header Files</Filter>
    </ClInclude>
    <ClInclude Include="error.h">
      <Filter>Header Files</Filter>
    </ClInclude>
    <ClInclude Include="game.h">
      <Filter>Header Files</Filter>
    </ClInclude>
    <ClInclude Include="graphics.h">
      <Filter>Header Files</Filter>
    </ClInclude>
    <ClInclude Include="graphics_utils.h">
      <Filter>Header Files</Filter>
    </ClInclude>
    <ClInclude Include="gui.h">
      <Filter>Header Files</Filter>
    </ClInclude>
    <ClInclude Include="image.h">
      <Filter>Header Files</Filter>
    </ClInclude>
    <ClInclude Include="import_assets.h">
      <Filter>Header Files</Filter>
    </ClInclude>
    <ClInclude Include="list.h">
      <Filter>Header Files</Filter>
    </ClInclude>
    <ClInclude Include="main_game.h">
      <Filter>Header Files</Filter>
    </ClInclude>
    <ClInclude Include="main_menu.h">
      <Filter>Header Files</Filter>
    </ClInclude>
    <ClInclude Include="maths.hpp">
      <Filter>Header Files</Filter>
    </ClInclude>
    <ClInclude Include="physics.h">
      <Filter>Header Files</Filter>
    </ClInclude>
    <ClInclude Include="splash_screen.h">
      <Filter>Header Files</Filter>
    </ClInclude>
    <ClInclude Include="splash_screen_graphics.h">
      <Filter>Header Files</Filter>
    </ClInclude>
    <ClInclude Include="test.h">
      <Filter>Header Files</Filter>
    </ClInclude>
    <ClInclude Include="utils.h">
      <Filter>Header Files</Filter>
    </ClInclude>
    <ClInclude Include="actor.h">
      <Filter>Header Files</Filter>
    </ClInclude>
    <ClInclude Include="event.h">
      <Filter>Header Files</Filter>
    </ClInclude>
    <ClInclude Include="enums.h">
      <Filter>Header Files</Filter>
    </ClInclude>
  </ItemGroup>
</Project>