<?xml version="1.0" encoding="utf-8"?>
<Project ToolsVersion="4.0" xmlns="http://schemas.microsoft.com/developer/msbuild/2003">
  <ItemGroup>
    <Filter Include="Source Files">
      <UniqueIdentifier>{4FC737F1-C7A5-4376-A066-2A32D752A2FF}</UniqueIdentifier>
      <Extensions>cpp;c;cc;cxx;def;odl;idl;hpj;bat;asm;asmx</Extensions>
    </Filter>
    <Filter Include="Header Files">
      <UniqueIdentifier>{93995380-89BD-4b04-88EB-625FBE52EBFB}</UniqueIdentifier>
      <Extensions>h;hh;hpp;hxx;hm;inl;inc;ipp;xsd</Extensions>
    </Filter>
    <Filter Include="Resource Files">
      <UniqueIdentifier>{67DA6AB6-F800-4c08-8B7A-83BB121AAD01}</UniqueIdentifier>
      <Extensions>rc;ico;cur;bmp;dlg;rc2;rct;bin;rgs;gif;jpg;jpeg;jpe;resx;tiff;tif;png;wav;mfcribbon-ms</Extensions>
    </Filter>
    <Filter Include="Shaders">
      <UniqueIdentifier>{b18d28dd-b0eb-4583-b48f-24408765408a}</UniqueIdentifier>
    </Filter>
    <Filter Include="Shaders\SplashScreen">
      <UniqueIdentifier>{322800a3-9bcd-44f5-83ec-2a34d3510949}</UniqueIdentifier>
    </Filter>
    <Filter Include="Shaders\MainMenu">
      <UniqueIdentifier>{f86d5668-8520-4830-881b-89189174c356}</UniqueIdentifier>
    </Filter>
  </ItemGroup>
  <ItemGroup>
    <ClCompile Include="Main.c">
      <Filter>Source Files</Filter>
    </ClCompile>
    <ClCompile Include="Game.c">
      <Filter>Source Files</Filter>
    </ClCompile>
    <ClCompile Include="GUI.c">
      <Filter>Source Files</Filter>
    </ClCompile>
    <ClCompile Include="Graphics.c">
      <Filter>Source Files</Filter>
    </ClCompile>
    <ClCompile Include="Compute.c">
      <Filter>Source Files</Filter>
    </ClCompile>
    <ClCompile Include="SplashScreen.c">
      <Filter>Source Files</Filter>
    </ClCompile>
    <ClCompile Include="MainMenu.c">
      <Filter>Source Files</Filter>
    </ClCompile>
    <ClCompile Include="MainGame.c">
      <Filter>Source Files</Filter>
    </ClCompile>
    <ClCompile Include="ImportAssets.c">
      <Filter>Source Files</Filter>
    </ClCompile>
    <ClCompile Include="Test.c">
      <Filter>Source Files</Filter>
    </ClCompile>
    <ClCompile Include="Error.c">
      <Filter>Source Files</Filter>
    </ClCompile>
    <ClCompile Include="Utility.c">
      <Filter>Source Files</Filter>
    </ClCompile>
    <ClCompile Include="Maths.cpp">
      <Filter>Source Files</Filter>
    </ClCompile>
    <ClCompile Include="Physics.c">
      <Filter>Source Files</Filter>
    </ClCompile>
    <ClCompile Include="GraphicsUtilities.c">
      <Filter>Source Files</Filter>
    </ClCompile>
    <ClCompile Include="SplashScreenGraphics.c">
      <Filter>Source Files</Filter>
    </ClCompile>
    <ClCompile Include="Asset.c">
      <Filter>Source Files</Filter>
    </ClCompile>
  </ItemGroup>
  <ItemGroup>
    <ClInclude Include="Game.h">
      <Filter>Header Files</Filter>
    </ClInclude>
    <ClInclude Include="GUI.h">
      <Filter>Header Files</Filter>
    </ClInclude>
    <ClInclude Include="Error.h">
      <Filter>Header Files</Filter>
    </ClInclude>
    <ClInclude Include="Graphics.h">
      <Filter>Header Files</Filter>
    </ClInclude>
    <ClInclude Include="Compute.h">
      <Filter>Header Files</Filter>
    </ClInclude>
    <ClInclude Include="MainMenu.h">
      <Filter>Header Files</Filter>
    </ClInclude>
    <ClInclude Include="MainGame.h">
      <Filter>Header Files</Filter>
    </ClInclude>
    <ClInclude Include="SplashScreen.h">
      <Filter>Header Files</Filter>
    </ClInclude>
    <ClInclude Include="ImportAssets.h">
      <Filter>Header Files</Filter>
    </ClInclude>
    <ClInclude Include="Test.h">
      <Filter>Header Files</Filter>
    </ClInclude>
    <ClInclude Include="Utility.h">
      <Filter>Header Files</Filter>
    </ClInclude>
    <ClInclude Include="Maths.hpp">
      <Filter>Header Files</Filter>
    </ClInclude>
    <ClInclude Include="Camera.h">
      <Filter>Header Files</Filter>
    </ClInclude>
    <ClInclude Include="Physics.h">
      <Filter>Header Files</Filter>
    </ClInclude>
    <ClInclude Include="GraphicsUtilities.h">
      <Filter>Header Files</Filter>
    </ClInclude>
    <ClInclude Include="Actor.h">
      <Filter>Header Files</Filter>
    </ClInclude>
    <ClInclude Include="SplashScreenGraphics.h">
      <Filter>Header Files</Filter>
    </ClInclude>
    <ClInclude Include="Asset.h">
      <Filter>Header Files</Filter>
    </ClInclude>
  </ItemGroup>
  <ItemGroup>
    <None Include="Shaders\MainMenu\UI.frag">
      <Filter>Shaders\MainMenu</Filter>
    </None>
    <None Include="Shaders\MainMenu\UI.vert">
      <Filter>Shaders\MainMenu</Filter>
    </None>
    <None Include="Shaders\SplashScreen\frag.frag">
      <Filter>Shaders\SplashScreen</Filter>
    </None>
    <None Include="Shaders\SplashScreen\vert.vert">
      <Filter>Shaders\SplashScreen</Filter>
    </None>
  </ItemGroup>
</Project>